
Microsoft Visual Studio Solution File, Format Version 12.00
# Visual Studio 15
VisualStudioVersion = 15.0.27703.2047
MinimumVisualStudioVersion = 10.0.40219.1
Project("{FAE04EC0-301F-11D3-BF4B-00C04F79EFBC}") = "SchemaSync.Library", "SchemaSync.Library\SchemaSync.Library.csproj", "{551BDC7A-9001-427A-BB3A-05DFA1E855C7}"
EndProject
Project("{FAE04EC0-301F-11D3-BF4B-00C04F79EFBC}") = "SchemaSync.SqlServer", "SchemaSync.SqlServer\SchemaSync.SqlServer.csproj", "{1944A83D-0CE9-4DBE-BFDE-4618AEA4FE66}"
EndProject
Project("{FAE04EC0-301F-11D3-BF4B-00C04F79EFBC}") = "Tests", "Tests\Tests.csproj", "{75007671-DD8B-441F-8825-45D6FD95D41C}"
EndProject
Global
	GlobalSection(SolutionConfigurationPlatforms) = preSolution
		Debug|Any CPU = Debug|Any CPU
		Release|Any CPU = Release|Any CPU
	EndGlobalSection
	GlobalSection(ProjectConfigurationPlatforms) = postSolution
		{551BDC7A-9001-427A-BB3A-05DFA1E855C7}.Debug|Any CPU.ActiveCfg = Debug|Any CPU
		{551BDC7A-9001-427A-BB3A-05DFA1E855C7}.Debug|Any CPU.Build.0 = Debug|Any CPU
		{551BDC7A-9001-427A-BB3A-05DFA1E855C7}.Release|Any CPU.ActiveCfg = Release|Any CPU
		{551BDC7A-9001-427A-BB3A-05DFA1E855C7}.Release|Any CPU.Build.0 = Release|Any CPU
		{1944A83D-0CE9-4DBE-BFDE-4618AEA4FE66}.Debug|Any CPU.ActiveCfg = Debug|Any CPU
		{1944A83D-0CE9-4DBE-BFDE-4618AEA4FE66}.Debug|Any CPU.Build.0 = Debug|Any CPU
		{1944A83D-0CE9-4DBE-BFDE-4618AEA4FE66}.Release|Any CPU.ActiveCfg = Release|Any CPU
		{1944A83D-0CE9-4DBE-BFDE-4618AEA4FE66}.Release|Any CPU.Build.0 = Release|Any CPU
		{75007671-DD8B-441F-8825-45D6FD95D41C}.Debug|Any CPU.ActiveCfg = Debug|Any CPU
		{75007671-DD8B-441F-8825-45D6FD95D41C}.Debug|Any CPU.Build.0 = Debug|Any CPU
		{75007671-DD8B-441F-8825-45D6FD95D41C}.Release|Any CPU.ActiveCfg = Release|Any CPU
		{75007671-DD8B-441F-8825-45D6FD95D41C}.Release|Any CPU.Build.0 = Release|Any CPU
	EndGlobalSection
	GlobalSection(SolutionProperties) = preSolution
		HideSolutionNode = FALSE
	EndGlobalSection
	GlobalSection(ExtensibilityGlobals) = postSolution
		SolutionGuid = {6741400B-F41C-4C96-88D3-68B2DBE238CB}
	EndGlobalSection
EndGlobal
